
Microsoft Visual Studio Solution File, Format Version 12.00
# Visual Studio Version 17
VisualStudioVersion = 17.3.32922.545
MinimumVisualStudioVersion = 10.0.40219.1
Project("{F2A71F9B-5D33-465A-A702-920D77279786}") = "ConsoleApp1", "ConsoleApp1\ConsoleApp1.fsproj", "{692F025D-0B84-433C-885B-79C644F045C2}"
EndProject
Global
	GlobalSection(SolutionConfigurationPlatforms) = preSolution
		Debug|Any CPU = Debug|Any CPU
		Release|Any CPU = Release|Any CPU
	EndGlobalSection
	GlobalSection(ProjectConfigurationPlatforms) = postSolution
		{692F025D-0B84-433C-885B-79C644F045C2}.Debug|Any CPU.ActiveCfg = Debug|Any CPU
		{692F025D-0B84-433C-885B-79C644F045C2}.Debug|Any CPU.Build.0 = Debug|Any CPU
		{692F025D-0B84-433C-885B-79C644F045C2}.Release|Any CPU.ActiveCfg = Release|Any CPU
		{692F025D-0B84-433C-885B-79C644F045C2}.Release|Any CPU.Build.0 = Release|Any CPU
	EndGlobalSection
	GlobalSection(SolutionProperties) = preSolution
		HideSolutionNode = FALSE
	EndGlobalSection
	GlobalSection(ExtensibilityGlobals) = postSolution
		SolutionGuid = {E40286C1-A5FF-4FBA-8458-B08C2AA40A47}
	EndGlobalSection
EndGlobal
